
Microsoft Visual Studio Solution File, Format Version 12.00
# Visual Studio Version 17
VisualStudioVersion = 17.0.31912.275
MinimumVisualStudioVersion = 10.0.40219.1
Project("{FAE04EC0-301F-11D3-BF4B-00C04F79EFBC}") = "ConsoleApp1", "ConsoleApp1.csproj", "{2BB8199B-B123-4A2F-8D38-FA52324350EF}"
EndProject
Global
	GlobalSection(SolutionConfigurationPlatforms) = preSolution
		Debug|Any CPU = Debug|Any CPU
		Release|Any CPU = Release|Any CPU
	EndGlobalSection
	GlobalSection(ProjectConfigurationPlatforms) = postSolution
		{2BB8199B-B123-4A2F-8D38-FA52324350EF}.Debug|Any CPU.ActiveCfg = Debug|Any CPU
		{2BB8199B-B123-4A2F-8D38-FA52324350EF}.Debug|Any CPU.Build.0 = Debug|Any CPU
		{2BB8199B-B123-4A2F-8D38-FA52324350EF}.Release|Any CPU.ActiveCfg = Release|Any CPU
		{2BB8199B-B123-4A2F-8D38-FA52324350EF}.Release|Any CPU.Build.0 = Release|Any CPU
	EndGlobalSection
	GlobalSection(SolutionProperties) = preSolution
		HideSolutionNode = FALSE
	EndGlobalSection
	GlobalSection(ExtensibilityGlobals) = postSolution
		SolutionGuid = {C1E35326-BAFF-4295-B47D-58BD8DED665B}
	EndGlobalSection
EndGlobal
